
Microsoft Visual Studio Solution File, Format Version 12.00
# Visual Studio Version 17
VisualStudioVersion = 17.0.31919.166
MinimumVisualStudioVersion = 10.0.40219.1
Project("{9A19103F-16F7-4668-BE54-9A1E7A4F7556}") = "PostgreSqlUnitTests", "Tests\PostgreSqlUnitTests\PostgreSqlUnitTests.csproj", "{F38A7FDB-78B7-4040-8ACC-29123FE525EF}"
EndProject
Project("{9A19103F-16F7-4668-BE54-9A1E7A4F7556}") = "SqlServerUnitTests", "Tests\SqlServerUnitTests\SqlServerUnitTests.csproj", "{2322AE7F-4ABA-4C7C-8C91-CED576A9F714}"
EndProject
Project("{2150E333-8FDC-42A3-9474-1A3956D46DE8}") = "Solution Items", "Solution Items", "{BB305EE7-BD84-4B6C-B6F8-03075129448C}"
	ProjectSection(SolutionItems) = preProject
		.github\workflows\build-test-publish.yml = .github\workflows\build-test-publish.yml
		CHANGES.md = CHANGES.md
		EXAMPLES.md = EXAMPLES.md
		.github\FUNDING.yml = .github\FUNDING.yml
		PERFOMANCE-TESTS.md = PERFOMANCE-TESTS.md
		README.md = README.md
	EndProjectSection
EndProject
Project("{9A19103F-16F7-4668-BE54-9A1E7A4F7556}") = "Norm", "Norm\Norm.csproj", "{8874B51F-4010-465D-85DF-B389B076F06D}"
EndProject
Project("{9A19103F-16F7-4668-BE54-9A1E7A4F7556}") = "SQLiteUnitTests", "Tests\SQLiteTests\SQLiteUnitTests\SQLiteUnitTests.csproj", "{30E74B88-DA1E-4DEB-B67F-E23EBE1FB303}"
EndProject
Project("{2150E333-8FDC-42A3-9474-1A3956D46DE8}") = "Tests", "Tests", "{ED89C5F8-56A1-453B-B3D3-111F5C54EB8C}"
EndProject
Project("{9A19103F-16F7-4668-BE54-9A1E7A4F7556}") = "TestConfig", "Tests\TestConfig\TestConfig.csproj", "{475C4241-476E-4417-8A8F-EFD9CD9E8021}"
EndProject
Project("{9A19103F-16F7-4668-BE54-9A1E7A4F7556}") = "Benchmarks6", "Benchmarks6\Benchmarks6.csproj", "{617241EB-02A1-4643-B98C-0E57EA327BAA}"
EndProject
Global
	GlobalSection(SolutionConfigurationPlatforms) = preSolution
		Debug|Any CPU = Debug|Any CPU
		Release|Any CPU = Release|Any CPU
	EndGlobalSection
	GlobalSection(ProjectConfigurationPlatforms) = postSolution
		{F38A7FDB-78B7-4040-8ACC-29123FE525EF}.Debug|Any CPU.ActiveCfg = Debug|Any CPU
		{F38A7FDB-78B7-4040-8ACC-29123FE525EF}.Debug|Any CPU.Build.0 = Debug|Any CPU
		{F38A7FDB-78B7-4040-8ACC-29123FE525EF}.Release|Any CPU.ActiveCfg = Release|Any CPU
		{F38A7FDB-78B7-4040-8ACC-29123FE525EF}.Release|Any CPU.Build.0 = Release|Any CPU
		{2322AE7F-4ABA-4C7C-8C91-CED576A9F714}.Debug|Any CPU.ActiveCfg = Debug|Any CPU
		{2322AE7F-4ABA-4C7C-8C91-CED576A9F714}.Debug|Any CPU.Build.0 = Debug|Any CPU
		{2322AE7F-4ABA-4C7C-8C91-CED576A9F714}.Release|Any CPU.ActiveCfg = Release|Any CPU
		{2322AE7F-4ABA-4C7C-8C91-CED576A9F714}.Release|Any CPU.Build.0 = Release|Any CPU
		{8874B51F-4010-465D-85DF-B389B076F06D}.Debug|Any CPU.ActiveCfg = Debug|Any CPU
		{8874B51F-4010-465D-85DF-B389B076F06D}.Debug|Any CPU.Build.0 = Debug|Any CPU
		{8874B51F-4010-465D-85DF-B389B076F06D}.Release|Any CPU.ActiveCfg = Release|Any CPU
		{8874B51F-4010-465D-85DF-B389B076F06D}.Release|Any CPU.Build.0 = Release|Any CPU
		{30E74B88-DA1E-4DEB-B67F-E23EBE1FB303}.Debug|Any CPU.ActiveCfg = Debug|Any CPU
		{30E74B88-DA1E-4DEB-B67F-E23EBE1FB303}.Debug|Any CPU.Build.0 = Debug|Any CPU
		{30E74B88-DA1E-4DEB-B67F-E23EBE1FB303}.Release|Any CPU.ActiveCfg = Release|Any CPU
		{30E74B88-DA1E-4DEB-B67F-E23EBE1FB303}.Release|Any CPU.Build.0 = Release|Any CPU
		{475C4241-476E-4417-8A8F-EFD9CD9E8021}.Debug|Any CPU.ActiveCfg = Debug|Any CPU
		{475C4241-476E-4417-8A8F-EFD9CD9E8021}.Debug|Any CPU.Build.0 = Debug|Any CPU
		{475C4241-476E-4417-8A8F-EFD9CD9E8021}.Release|Any CPU.ActiveCfg = Release|Any CPU
		{475C4241-476E-4417-8A8F-EFD9CD9E8021}.Release|Any CPU.Build.0 = Release|Any CPU
		{617241EB-02A1-4643-B98C-0E57EA327BAA}.Debug|Any CPU.ActiveCfg = Debug|Any CPU
		{617241EB-02A1-4643-B98C-0E57EA327BAA}.Debug|Any CPU.Build.0 = Debug|Any CPU
		{617241EB-02A1-4643-B98C-0E57EA327BAA}.Release|Any CPU.ActiveCfg = Release|Any CPU
		{617241EB-02A1-4643-B98C-0E57EA327BAA}.Release|Any CPU.Build.0 = Release|Any CPU
	EndGlobalSection
	GlobalSection(SolutionProperties) = preSolution
		HideSolutionNode = FALSE
	EndGlobalSection
	GlobalSection(NestedProjects) = preSolution
		{F38A7FDB-78B7-4040-8ACC-29123FE525EF} = {ED89C5F8-56A1-453B-B3D3-111F5C54EB8C}
		{2322AE7F-4ABA-4C7C-8C91-CED576A9F714} = {ED89C5F8-56A1-453B-B3D3-111F5C54EB8C}
		{30E74B88-DA1E-4DEB-B67F-E23EBE1FB303} = {ED89C5F8-56A1-453B-B3D3-111F5C54EB8C}
		{475C4241-476E-4417-8A8F-EFD9CD9E8021} = {ED89C5F8-56A1-453B-B3D3-111F5C54EB8C}
	EndGlobalSection
	GlobalSection(ExtensibilityGlobals) = postSolution
		SolutionGuid = {640D1BA9-B36A-414D-8FFB-F6500FCF8E6E}
	EndGlobalSection
EndGlobal
