
Microsoft Visual Studio Solution File, Format Version 12.00
# Visual Studio Version 17
VisualStudioVersion = 17.5.001.0
MinimumVisualStudioVersion = 10.0.40219.1
Project("{9A19103F-16F7-4668-BE54-9A1E7A4F7556}") = "Benchmarks", "Benchmarks.csproj", "{ACB0B625-5F06-4C8F-B3AC-282033D1DF4D}"
EndProject
Project("{2150E333-8FDC-42A3-9474-1A3956D46DE8}") = "bin", "bin", "{CFFD7A02-ABD6-426A-899A-C43488B3E142}"
EndProject
Project("{2150E333-8FDC-42A3-9474-1A3956D46DE8}") = "Release", "Release", "{04776C63-8CA5-41C7-9165-39598DA5A842}"
EndProject
Project("{2150E333-8FDC-42A3-9474-1A3956D46DE8}") = "net6.0", "net6.0", "{806B155D-3BDE-4C3C-898F-CCD33DA4E67D}"
EndProject
Project("{9A19103F-16F7-4668-BE54-9A1E7A4F7556}") = "BenchmarkDotNet.Autogenerated", "bin\Release\net6.0\41712464-1969-4e35-b403-af262fe863be\BenchmarkDotNet.Autogenerated.csproj", "{AA7CF0C5-C953-447B-B9FD-7B3712759EF0}"
EndProject
Project("{9A19103F-16F7-4668-BE54-9A1E7A4F7556}") = "BenchmarkDotNet.Autogenerated (1)", "bin\Release\net6.0\6501d99c-2922-42b5-8164-f67de0f72c6a\BenchmarkDotNet.Autogenerated.csproj", "{3D441D68-9B28-49CC-944A-BECADFBFC84B}"
EndProject
Project("{9A19103F-16F7-4668-BE54-9A1E7A4F7556}") = "BenchmarkDotNet.Autogenerated (2)", "bin\Release\net6.0\DefaultJob\BenchmarkDotNet.Autogenerated.csproj", "{767F410A-2194-490C-B35D-9E550D82D5AB}"
EndProject
Project("{2150E333-8FDC-42A3-9474-1A3956D46DE8}") = "net7.0", "net7.0", "{B0B4DFFF-6E5E-429A-BEEA-CD46340F551D}"
EndProject
Project("{9A19103F-16F7-4668-BE54-9A1E7A4F7556}") = "BenchmarkDotNet.Autogenerated", "bin\Release\net7.0\DefaultJob\BenchmarkDotNet.Autogenerated.csproj", "{3A1FA23F-2900-410B-9D5A-103A171BDEEE}"
EndProject
Global
	GlobalSection(SolutionConfigurationPlatforms) = preSolution
		Debug|Any CPU = Debug|Any CPU
		Release|Any CPU = Release|Any CPU
	EndGlobalSection
	GlobalSection(ProjectConfigurationPlatforms) = postSolution
		{ACB0B625-5F06-4C8F-B3AC-282033D1DF4D}.Debug|Any CPU.ActiveCfg = Debug|Any CPU
		{ACB0B625-5F06-4C8F-B3AC-282033D1DF4D}.Debug|Any CPU.Build.0 = Debug|Any CPU
		{ACB0B625-5F06-4C8F-B3AC-282033D1DF4D}.Release|Any CPU.ActiveCfg = Release|Any CPU
		{ACB0B625-5F06-4C8F-B3AC-282033D1DF4D}.Release|Any CPU.Build.0 = Release|Any CPU
		{AA7CF0C5-C953-447B-B9FD-7B3712759EF0}.Debug|Any CPU.ActiveCfg = Debug|Any CPU
		{AA7CF0C5-C953-447B-B9FD-7B3712759EF0}.Debug|Any CPU.Build.0 = Debug|Any CPU
		{AA7CF0C5-C953-447B-B9FD-7B3712759EF0}.Release|Any CPU.ActiveCfg = Release|Any CPU
		{AA7CF0C5-C953-447B-B9FD-7B3712759EF0}.Release|Any CPU.Build.0 = Release|Any CPU
		{3D441D68-9B28-49CC-944A-BECADFBFC84B}.Debug|Any CPU.ActiveCfg = Debug|Any CPU
		{3D441D68-9B28-49CC-944A-BECADFBFC84B}.Debug|Any CPU.Build.0 = Debug|Any CPU
		{3D441D68-9B28-49CC-944A-BECADFBFC84B}.Release|Any CPU.ActiveCfg = Release|Any CPU
		{3D441D68-9B28-49CC-944A-BECADFBFC84B}.Release|Any CPU.Build.0 = Release|Any CPU
		{767F410A-2194-490C-B35D-9E550D82D5AB}.Debug|Any CPU.ActiveCfg = Debug|Any CPU
		{767F410A-2194-490C-B35D-9E550D82D5AB}.Debug|Any CPU.Build.0 = Debug|Any CPU
		{767F410A-2194-490C-B35D-9E550D82D5AB}.Release|Any CPU.ActiveCfg = Release|Any CPU
		{767F410A-2194-490C-B35D-9E550D82D5AB}.Release|Any CPU.Build.0 = Release|Any CPU
		{3A1FA23F-2900-410B-9D5A-103A171BDEEE}.Debug|Any CPU.ActiveCfg = Debug|Any CPU
		{3A1FA23F-2900-410B-9D5A-103A171BDEEE}.Debug|Any CPU.Build.0 = Debug|Any CPU
		{3A1FA23F-2900-410B-9D5A-103A171BDEEE}.Release|Any CPU.ActiveCfg = Release|Any CPU
		{3A1FA23F-2900-410B-9D5A-103A171BDEEE}.Release|Any CPU.Build.0 = Release|Any CPU
	EndGlobalSection
	GlobalSection(SolutionProperties) = preSolution
		HideSolutionNode = FALSE
	EndGlobalSection
	GlobalSection(NestedProjects) = preSolution
		{04776C63-8CA5-41C7-9165-39598DA5A842} = {CFFD7A02-ABD6-426A-899A-C43488B3E142}
		{806B155D-3BDE-4C3C-898F-CCD33DA4E67D} = {04776C63-8CA5-41C7-9165-39598DA5A842}
		{AA7CF0C5-C953-447B-B9FD-7B3712759EF0} = {806B155D-3BDE-4C3C-898F-CCD33DA4E67D}
		{3D441D68-9B28-49CC-944A-BECADFBFC84B} = {806B155D-3BDE-4C3C-898F-CCD33DA4E67D}
		{767F410A-2194-490C-B35D-9E550D82D5AB} = {806B155D-3BDE-4C3C-898F-CCD33DA4E67D}
		{B0B4DFFF-6E5E-429A-BEEA-CD46340F551D} = {04776C63-8CA5-41C7-9165-39598DA5A842}
		{3A1FA23F-2900-410B-9D5A-103A171BDEEE} = {B0B4DFFF-6E5E-429A-BEEA-CD46340F551D}
	EndGlobalSection
	GlobalSection(ExtensibilityGlobals) = postSolution
		SolutionGuid = {E1930B35-91C7-479C-9048-E99705936C5A}
	EndGlobalSection
EndGlobal
